
Microsoft Visual Studio Solution File, Format Version 12.00
# Visual Studio 2013
VisualStudioVersion = 12.0.30110.0
MinimumVisualStudioVersion = 10.0.40219.1
Project("{FAE04EC0-301F-11D3-BF4B-00C04F79EFBC}") = "Pos", "Pos\Pos.csproj", "{2E8D70F2-D77F-4D6C-BC2C-CE138E65DE20}"
EndProject
Project("{FAE04EC0-301F-11D3-BF4B-00C04F79EFBC}") = "Pos.UI", "Pos.UI\Pos.UI.csproj", "{A8608AD0-C2B1-4582-8DD7-26FFCD4420DF}"
EndProject
Project("{FAE04EC0-301F-11D3-BF4B-00C04F79EFBC}") = "Pos.UnitTests", "Pos.UnitTests\Pos.UnitTests.csproj", "{0AB9E4D4-E115-41DE-8BB6-2BD4E4136DA7}"
EndProject
Project("{FAE04EC0-301F-11D3-BF4B-00C04F79EFBC}") = "Pos.NUnitTests", "Pos.NUnitTests\Pos.NUnitTests.csproj", "{52CAC3E3-963F-4984-A1E9-5267FA06D2DB}"
EndProject
Global
	GlobalSection(SolutionConfigurationPlatforms) = preSolution
		Debug|Any CPU = Debug|Any CPU
		Release|Any CPU = Release|Any CPU
	EndGlobalSection
	GlobalSection(ProjectConfigurationPlatforms) = postSolution
		{2E8D70F2-D77F-4D6C-BC2C-CE138E65DE20}.Debug|Any CPU.ActiveCfg = Debug|Any CPU
		{2E8D70F2-D77F-4D6C-BC2C-CE138E65DE20}.Debug|Any CPU.Build.0 = Debug|Any CPU
		{2E8D70F2-D77F-4D6C-BC2C-CE138E65DE20}.Release|Any CPU.ActiveCfg = Release|Any CPU
		{2E8D70F2-D77F-4D6C-BC2C-CE138E65DE20}.Release|Any CPU.Build.0 = Release|Any CPU
		{A8608AD0-C2B1-4582-8DD7-26FFCD4420DF}.Debug|Any CPU.ActiveCfg = Debug|Any CPU
		{A8608AD0-C2B1-4582-8DD7-26FFCD4420DF}.Debug|Any CPU.Build.0 = Debug|Any CPU
		{A8608AD0-C2B1-4582-8DD7-26FFCD4420DF}.Release|Any CPU.ActiveCfg = Release|Any CPU
		{A8608AD0-C2B1-4582-8DD7-26FFCD4420DF}.Release|Any CPU.Build.0 = Release|Any CPU
		{0AB9E4D4-E115-41DE-8BB6-2BD4E4136DA7}.Debug|Any CPU.ActiveCfg = Debug|Any CPU
		{0AB9E4D4-E115-41DE-8BB6-2BD4E4136DA7}.Debug|Any CPU.Build.0 = Debug|Any CPU
		{0AB9E4D4-E115-41DE-8BB6-2BD4E4136DA7}.Release|Any CPU.ActiveCfg = Release|Any CPU
		{0AB9E4D4-E115-41DE-8BB6-2BD4E4136DA7}.Release|Any CPU.Build.0 = Release|Any CPU
		{52CAC3E3-963F-4984-A1E9-5267FA06D2DB}.Debug|Any CPU.ActiveCfg = Debug|Any CPU
		{52CAC3E3-963F-4984-A1E9-5267FA06D2DB}.Debug|Any CPU.Build.0 = Debug|Any CPU
		{52CAC3E3-963F-4984-A1E9-5267FA06D2DB}.Release|Any CPU.ActiveCfg = Release|Any CPU
		{52CAC3E3-963F-4984-A1E9-5267FA06D2DB}.Release|Any CPU.Build.0 = Release|Any CPU
	EndGlobalSection
	GlobalSection(SolutionProperties) = preSolution
		HideSolutionNode = FALSE
	EndGlobalSection
EndGlobal
